
Microsoft Visual Studio Solution File, Format Version 12.00
# Visual Studio Version 16
VisualStudioVersion = 16.0.32228.343
MinimumVisualStudioVersion = 10.0.40219.1
Project("{9A19103F-16F7-4668-BE54-9A1E7A4F7556}") = "KnightSurvival", "KnightSurvival\KnightSurvival.csproj", "{B8E404B9-9FDC-4BC8-8860-896815AF000A}"
EndProject
Project("{9A19103F-16F7-4668-BE54-9A1E7A4F7556}") = "TestUnitaireKnightSurvival", "TestUnitaireKnightSurvival\TestUnitaireKnightSurvival.csproj", "{8BEAA2C1-9B41-4AC3-84E9-9BA2725C512D}"
EndProject
Global
	GlobalSection(SolutionConfigurationPlatforms) = preSolution
		Debug|Any CPU = Debug|Any CPU
		Release|Any CPU = Release|Any CPU
	EndGlobalSection
	GlobalSection(ProjectConfigurationPlatforms) = postSolution
		{B8E404B9-9FDC-4BC8-8860-896815AF000A}.Debug|Any CPU.ActiveCfg = Debug|Any CPU
		{B8E404B9-9FDC-4BC8-8860-896815AF000A}.Debug|Any CPU.Build.0 = Debug|Any CPU
		{B8E404B9-9FDC-4BC8-8860-896815AF000A}.Release|Any CPU.ActiveCfg = Release|Any CPU
		{B8E404B9-9FDC-4BC8-8860-896815AF000A}.Release|Any CPU.Build.0 = Release|Any CPU
		{8BEAA2C1-9B41-4AC3-84E9-9BA2725C512D}.Debug|Any CPU.ActiveCfg = Debug|Any CPU
		{8BEAA2C1-9B41-4AC3-84E9-9BA2725C512D}.Debug|Any CPU.Build.0 = Debug|Any CPU
		{8BEAA2C1-9B41-4AC3-84E9-9BA2725C512D}.Release|Any CPU.ActiveCfg = Release|Any CPU
		{8BEAA2C1-9B41-4AC3-84E9-9BA2725C512D}.Release|Any CPU.Build.0 = Release|Any CPU
	EndGlobalSection
	GlobalSection(SolutionProperties) = preSolution
		HideSolutionNode = FALSE
	EndGlobalSection
	GlobalSection(ExtensibilityGlobals) = postSolution
		SolutionGuid = {85CE6EB5-4566-47F9-90D9-C33FD04BA3ED}
	EndGlobalSection
EndGlobal
